# This file is autogenerated, do not edit; changes may be undone by the next 'dep ensure'.


[[projects]]
  name = "github.com/cactus/go-statsd-client"
  packages = ["statsd"]
  revision = "138b925ccdf617776955904ba7759fce64406cec"
  version = "v3.1.1"

[[projects]]
  name = "github.com/fsnotify/fsnotify"
  packages = ["."]
  revision = "c2828203cd70a50dcccfb2761f8b1f8ceef9a8e9"
  version = "v1.4.7"

[[projects]]
  name = "github.com/gin-contrib/cors"
  packages = ["."]
  revision = "cf4846e6a636a76237a28d9286f163c132e841bc"
  version = "v1.2"

[[projects]]
  branch = "master"
  name = "github.com/gin-contrib/sse"
  packages = ["."]
  revision = "22d885f9ecc78bf4ee5d72b937e4bbcdc58e8cae"

[[projects]]
  name = "github.com/gin-gonic/gin"
  packages = [".","binding","render"]
  revision = "d459835d2b077e44f7c9b453505ee29881d5d12d"
  version = "v1.2"

[[projects]]
  name = "github.com/go-redis/redis"
  packages = [".","internal","internal/consistenthash","internal/hashtag","internal/pool","internal/proto"]
  revision = "8b4fa6d443e35ca8b1c37be877285252430b06a3"
  version = "v6.8.3"

[[projects]]
  branch = "master"
  name = "github.com/golang/protobuf"
  packages = ["proto"]
  revision = "1e59b77b52bf8e4b449a57e6f79f21226d571845"

[[projects]]
  branch = "master"
  name = "github.com/hashicorp/hcl"
  packages = [".","hcl/ast","hcl/parser","hcl/printer","hcl/scanner","hcl/strconv","hcl/token","json/parser","json/scanner","json/token"]
  revision = "ef8a98b0bbce4a65b5aa4c368430a80ddc533168"

[[projects]]
  name = "github.com/inconshreveable/mousetrap"
  packages = ["."]
  revision = "76626ae9c91c4f2a10f34cad8ce83ea42c93bb75"
  version = "v1.0"

[[projects]]
  branch = "master"
  name = "github.com/jasonlvhit/gocron"
  packages = ["."]
  revision = "54194c9749d48b073c9aeb2c787b6882e95dd0cd"

[[projects]]
  name = "github.com/magiconair/properties"
  packages = ["."]
  revision = "c3beff4c2358b44d0493c7dda585e7db7ff28ae6"
  version = "v1.7.6"

[[projects]]
  name = "github.com/mattn/go-isatty"
  packages = ["."]
  revision = "0360b2af4f38e8d38c7fce2a9f4e702702d73a39"
  version = "v0.0.3"

[[projects]]
  branch = "master"
  name = "github.com/mitchellh/mapstructure"
  packages = ["."]
  revision = "00c29f56e2386353d58c599509e8dc3801b0d716"

[[projects]]
  name = "github.com/pelletier/go-toml"
  packages = ["."]
  revision = "acdc4509485b587f5e675510c4f2c63e90ff68a8"
  version = "v1.1.0"

[[projects]]
  name = "github.com/sirupsen/logrus"
  packages = ["."]
  revision = "c155da19408a8799da419ed3eeb0cb5db0ad5dbc"
  version = "v1.0.5"

[[projects]]
  name = "github.com/spf13/afero"
  packages = [".","mem"]
  revision = "63644898a8da0bc22138abf860edaf5277b6102e"
  version = "v1.1.0"

[[projects]]
  name = "github.com/spf13/cast"
  packages = ["."]
  revision = "8965335b8c7107321228e3e3702cab9832751bac"
  version = "v1.2.0"

[[projects]]
  name = "github.com/spf13/cobra"
  packages = ["."]
  revision = "a1f051bc3eba734da4772d60e2d677f47cf93ef4"
  version = "v0.0.2"

[[projects]]
  branch = "master"
  name = "github.com/spf13/jwalterweatherman"
  packages = ["."]
  revision = "7c0cea34c8ece3fbeb2b27ab9b59511d360fb394"

[[projects]]
  name = "github.com/spf13/pflag"
  packages = ["."]
  revision = "e57e3eeb33f795204c1ca35f56c44f83227c6e66"
  version = "v1.0.0"

[[projects]]
  name = "github.com/spf13/viper"
  packages = ["."]
  revision = "b5e8006cbee93ec955a89ab31e0e3ce3204f3736"
  version = "v1.0.2"

[[projects]]
  branch = "master"
  name = "github.com/ugorji/go"
  packages = ["codec"]
  revision = "9831f2c3ac1068a78f50999a30db84270f647af6"

[[projects]]
  branch = "master"
  name = "github.com/wunderlist/ttlcache"
  packages = ["."]
  revision = "fa8f18d5e019f6bdf076153e60dccf2c6fc7ccf5"

[[projects]]
  branch = "master"
  name = "golang.org/x/crypto"
  packages = ["ssh/terminal"]
  revision = "d6449816ce06963d9d136eee5a56fca5b0616e7e"

[[projects]]
  branch = "master"
  name = "golang.org/x/sys"
  packages = ["unix","windows"]
  revision = "2c42eef0765b9837fbdab12011af7830f55f88f0"

[[projects]]
  name = "golang.org/x/text"
  packages = ["internal/gen","internal/triegen","internal/ucd","transform","unicode/cldr","unicode/norm"]
  revision = "f21a4dfb5e38f5895301dc265a8def02365cc3d0"
  version = "v0.3.0"

[[projects]]
  name = "gopkg.in/go-playground/validator.v8"
  packages = ["."]
  revision = "5f1438d3fca68893a817e4a66806cea46a9e4ebf"
  version = "v8.18.2"

[[projects]]
  name = "gopkg.in/h2non/gock.v1"
  packages = ["."]
  revision = "550b7ca3aa563b9974e2391274ea55a940d05ca9"
  version = "v1.0.8"

[[projects]]
  branch = "v2"
  name = "gopkg.in/yaml.v2"
  packages = ["."]
  revision = "d670f9405373e636a5a2765eea47fac0c9bc91a4"

[solve-meta]
  analyzer-name = "dep"
  analyzer-version = 1
  inputs-digest = "81097c4a82c0cbbae35329049d890d1a5203784cf638af8597d489f6e813a8e3"
  solver-name = "gps-cdcl"
  solver-version = 1
